
Microsoft Visual Studio Solution File, Format Version 12.00
# Visual Studio Version 16
VisualStudioVersion = 16.0.30104.148
MinimumVisualStudioVersion = 10.0.40219.1
Project("{9A19103F-16F7-4668-BE54-9A1E7A4F7556}") = "Bulk_Uploader", ".\BulkUploader\Bulk_Uploader.csproj", "{E0D4786B-CE18-4715-878A-BEB91FDD4455}"
EndProject
Project("{FAE04EC0-301F-11D3-BF4B-00C04F79EFBC}") = "BulkUploaderTest", ".\BulkUploaderTest\BulkUploaderTest.csproj", "{D615FAD0-CAD2-4E8E-8A0C-6F25B925CE61}"
EndProject
Global
	GlobalSection(SolutionConfigurationPlatforms) = preSolution
		Debug|Any CPU = Debug|Any CPU
		Release|Any CPU = Release|Any CPU
	EndGlobalSection
	GlobalSection(ProjectConfigurationPlatforms) = postSolution
		{E0D4786B-CE18-4715-878A-BEB91FDD4455}.Debug|Any CPU.ActiveCfg = Debug|Any CPU
		{E0D4786B-CE18-4715-878A-BEB91FDD4455}.Debug|Any CPU.Build.0 = Debug|Any CPU
		{E0D4786B-CE18-4715-878A-BEB91FDD4455}.Release|Any CPU.ActiveCfg = Release|Any CPU
		{E0D4786B-CE18-4715-878A-BEB91FDD4455}.Release|Any CPU.Build.0 = Release|Any CPU
		{D615FAD0-CAD2-4E8E-8A0C-6F25B925CE61}.Debug|Any CPU.ActiveCfg = Debug|Any CPU
		{D615FAD0-CAD2-4E8E-8A0C-6F25B925CE61}.Debug|Any CPU.Build.0 = Debug|Any CPU
		{D615FAD0-CAD2-4E8E-8A0C-6F25B925CE61}.Release|Any CPU.ActiveCfg = Release|Any CPU
		{D615FAD0-CAD2-4E8E-8A0C-6F25B925CE61}.Release|Any CPU.Build.0 = Release|Any CPU
	EndGlobalSection
	GlobalSection(SolutionProperties) = preSolution
		HideSolutionNode = FALSE
	EndGlobalSection
	GlobalSection(ExtensibilityGlobals) = postSolution
		SolutionGuid = {E5775766-92F1-413D-A73F-14CF1E26EE2A}
	EndGlobalSection
EndGlobal
