
Microsoft Visual Studio Solution File, Format Version 12.00
# Visual Studio Version 16
VisualStudioVersion = 16.0.29920.165
MinimumVisualStudioVersion = 10.0.40219.1
Project("{9A19103F-16F7-4668-BE54-9A1E7A4F7556}") = "UomsSample", "UomsSample\UomsSample.csproj", "{F97ACD15-2558-4CD3-848B-5FF93B3C304A}"
EndProject
Project("{9A19103F-16F7-4668-BE54-9A1E7A4F7556}") = "UomsSampleTest", "UomsSampleTest\UomsSampleTest.csproj", "{5E6BCD08-DEBB-441B-8C12-32D965498BA9}"
EndProject
Project("{2150E333-8FDC-42A3-9474-1A3956D46DE8}") = "Solution Items", "Solution Items", "{1C905021-D5EA-4144-B57A-5F4737AA4C40}"
	ProjectSection(SolutionItems) = preProject
		azure-pipeline.yml = azure-pipeline.yml
		..\..\..\Directory.Build.props = ..\..\..\Directory.Build.props
		..\..\..\Extensions.ruleset = ..\..\..\Extensions.ruleset
		HISTORY.md = HISTORY.md
		..\..\..\OSIsoft.ruleset = ..\..\..\OSIsoft.ruleset
		polaris.yml = polaris.yml
		README.md = README.md
	EndProjectSection
EndProject
Global
	GlobalSection(SolutionConfigurationPlatforms) = preSolution
		Debug|Any CPU = Debug|Any CPU
		Release|Any CPU = Release|Any CPU
	EndGlobalSection
	GlobalSection(ProjectConfigurationPlatforms) = postSolution
		{F97ACD15-2558-4CD3-848B-5FF93B3C304A}.Debug|Any CPU.ActiveCfg = Debug|Any CPU
		{F97ACD15-2558-4CD3-848B-5FF93B3C304A}.Debug|Any CPU.Build.0 = Debug|Any CPU
		{F97ACD15-2558-4CD3-848B-5FF93B3C304A}.Release|Any CPU.ActiveCfg = Release|Any CPU
		{F97ACD15-2558-4CD3-848B-5FF93B3C304A}.Release|Any CPU.Build.0 = Release|Any CPU
		{5E6BCD08-DEBB-441B-8C12-32D965498BA9}.Debug|Any CPU.ActiveCfg = Debug|Any CPU
		{5E6BCD08-DEBB-441B-8C12-32D965498BA9}.Debug|Any CPU.Build.0 = Debug|Any CPU
		{5E6BCD08-DEBB-441B-8C12-32D965498BA9}.Release|Any CPU.ActiveCfg = Release|Any CPU
		{5E6BCD08-DEBB-441B-8C12-32D965498BA9}.Release|Any CPU.Build.0 = Release|Any CPU
	EndGlobalSection
	GlobalSection(SolutionProperties) = preSolution
		HideSolutionNode = FALSE
	EndGlobalSection
	GlobalSection(ExtensibilityGlobals) = postSolution
		SolutionGuid = {EECEFFF3-2692-41B4-8C35-145924ABCC35}
	EndGlobalSection
EndGlobal
