
Microsoft Visual Studio Solution File, Format Version 12.00
# Visual Studio Version 16
VisualStudioVersion = 16.0.29418.71
MinimumVisualStudioVersion = 10.0.40219.1
Project("{9A19103F-16F7-4668-BE54-9A1E7A4F7556}") = "CSVtoOCS", "CSVtoOCS.csproj", "{6B5DCAA6-6E3A-4512-8B1C-DD3A2B4CFEDC}"
EndProject
Project("{9A19103F-16F7-4668-BE54-9A1E7A4F7556}") = "CSVtoOCSTest", "..\CSVtoOCSTest\CSVtoOCSTest.csproj", "{5DCDC5C9-1FA0-48D2-AC3B-079D2BA51A67}"
EndProject
Project("{2150E333-8FDC-42A3-9474-1A3956D46DE8}") = "Solution Items", "Solution Items", "{65CBE5BD-8306-412E-BF83-CD6F9D05189E}"
	ProjectSection(SolutionItems) = preProject
		azure-pipeline.yml = azure-pipeline.yml
		HISTORY.md = HISTORY.md
		README.md = README.md
	EndProjectSection
EndProject
Global
	GlobalSection(SolutionConfigurationPlatforms) = preSolution
		Debug|Any CPU = Debug|Any CPU
		Release|Any CPU = Release|Any CPU
	EndGlobalSection
	GlobalSection(ProjectConfigurationPlatforms) = postSolution
		{6B5DCAA6-6E3A-4512-8B1C-DD3A2B4CFEDC}.Debug|Any CPU.ActiveCfg = Debug|Any CPU
		{6B5DCAA6-6E3A-4512-8B1C-DD3A2B4CFEDC}.Debug|Any CPU.Build.0 = Debug|Any CPU
		{6B5DCAA6-6E3A-4512-8B1C-DD3A2B4CFEDC}.Release|Any CPU.ActiveCfg = Release|Any CPU
		{6B5DCAA6-6E3A-4512-8B1C-DD3A2B4CFEDC}.Release|Any CPU.Build.0 = Release|Any CPU
		{5DCDC5C9-1FA0-48D2-AC3B-079D2BA51A67}.Debug|Any CPU.ActiveCfg = Debug|Any CPU
		{5DCDC5C9-1FA0-48D2-AC3B-079D2BA51A67}.Debug|Any CPU.Build.0 = Debug|Any CPU
		{5DCDC5C9-1FA0-48D2-AC3B-079D2BA51A67}.Release|Any CPU.ActiveCfg = Release|Any CPU
		{5DCDC5C9-1FA0-48D2-AC3B-079D2BA51A67}.Release|Any CPU.Build.0 = Release|Any CPU
	EndGlobalSection
	GlobalSection(SolutionProperties) = preSolution
		HideSolutionNode = FALSE
	EndGlobalSection
	GlobalSection(ExtensibilityGlobals) = postSolution
		SolutionGuid = {14CE1AA0-A9F4-4385-AAFF-453533D2AA40}
	EndGlobalSection
EndGlobal
