
Microsoft Visual Studio Solution File, Format Version 12.00
# Visual Studio Version 16
VisualStudioVersion = 16.0.29326.143
MinimumVisualStudioVersion = 10.0.40219.1
Project("{9A19103F-16F7-4668-BE54-9A1E7A4F7556}") = "SdsRestApiCore", "SdsRestApiCore\SdsRestApiCore.csproj", "{15C0B701-9CDD-4D12-BC30-C2FCFBCA1DE0}"
EndProject
Project("{9A19103F-16F7-4668-BE54-9A1E7A4F7556}") = "SdsRestApiCoreTest", "SdsRestApiCoreTest\SdsRestApiCoreTest.csproj", "{0F35ACAA-7E26-42DF-B00B-B1AC24C3DD9A}"
EndProject
Project("{2150E333-8FDC-42A3-9474-1A3956D46DE8}") = "Solution Items", "Solution Items", "{77FF66B6-5E7D-4BDB-BBBB-2951AF2CEC17}"
	ProjectSection(SolutionItems) = preProject
		azure-pipeline.yml = azure-pipeline.yml
		..\..\..\..\Directory.Build.props = ..\..\..\..\Directory.Build.props
		..\..\..\..\Extensions.ruleset = ..\..\..\..\Extensions.ruleset
		HISTORY.md = HISTORY.md
		..\..\..\..\OSIsoft.ruleset = ..\..\..\..\OSIsoft.ruleset
		polaris.yml = polaris.yml
		README.md = README.md
	EndProjectSection
EndProject
Global
	GlobalSection(SolutionConfigurationPlatforms) = preSolution
		Debug|Any CPU = Debug|Any CPU
		Release|Any CPU = Release|Any CPU
	EndGlobalSection
	GlobalSection(ProjectConfigurationPlatforms) = postSolution
		{15C0B701-9CDD-4D12-BC30-C2FCFBCA1DE0}.Debug|Any CPU.ActiveCfg = Debug|Any CPU
		{15C0B701-9CDD-4D12-BC30-C2FCFBCA1DE0}.Debug|Any CPU.Build.0 = Debug|Any CPU
		{15C0B701-9CDD-4D12-BC30-C2FCFBCA1DE0}.Release|Any CPU.ActiveCfg = Release|Any CPU
		{15C0B701-9CDD-4D12-BC30-C2FCFBCA1DE0}.Release|Any CPU.Build.0 = Release|Any CPU
		{0F35ACAA-7E26-42DF-B00B-B1AC24C3DD9A}.Debug|Any CPU.ActiveCfg = Debug|Any CPU
		{0F35ACAA-7E26-42DF-B00B-B1AC24C3DD9A}.Debug|Any CPU.Build.0 = Debug|Any CPU
		{0F35ACAA-7E26-42DF-B00B-B1AC24C3DD9A}.Release|Any CPU.ActiveCfg = Release|Any CPU
		{0F35ACAA-7E26-42DF-B00B-B1AC24C3DD9A}.Release|Any CPU.Build.0 = Release|Any CPU
	EndGlobalSection
	GlobalSection(SolutionProperties) = preSolution
		HideSolutionNode = FALSE
	EndGlobalSection
	GlobalSection(ExtensibilityGlobals) = postSolution
		SolutionGuid = {C59E0161-5777-4C69-A5A2-C6DD491F1CF0}
	EndGlobalSection
EndGlobal
